{
  "version": 4,
  "terraform_version": "1.2.8",
  "serial": 4,
  "lineage": "5ded01f2-8bed-d7eb-c4e8-70feeb6b74b6",
  "outputs": {},
  "resources": [
    {
      "mode": "managed",
      "type": "yandex_compute_instance",
      "name": "centos",
      "provider": "provider[\"registry.terraform.io/yandex-cloud/yandex\"]",
      "instances": [
        {
          "schema_version": 1,
          "attributes": {
            "allow_recreate": null,
            "allow_stopping_for_update": null,
            "boot_disk": [
              {
                "auto_delete": true,
                "device_name": "fhm99g6iskgt44q599ro",
                "disk_id": "fhm99g6iskgt44q599ro",
                "initialize_params": [
                  {
                    "block_size": 4096,
                    "description": "",
                    "image_id": "fd8v4c0dub3dpt3sgdtb",
                    "name": "",
                    "size": 30,
                    "snapshot_id": "",
                    "type": "network-ssd"
                  }
                ],
                "mode": "READ_WRITE"
              }
            ],
            "created_at": "2022-09-04T09:53:21Z",
            "description": "",
            "folder_id": "b1gf9lcio0r7vnajphej",
            "fqdn": "fhmrei9tu7s21l5d1a5k.auto.internal",
            "hostname": "",
            "id": "fhmrei9tu7s21l5d1a5k",
            "labels": null,
            "local_disk": [],
            "metadata": {
              "foo": "bar",
              "ssh-keys": "centos:ssh-rsa AAAAB3NzaC1yc2EAAAADAQABAAABAQC1WhM79zJvnP4gIlKFQFcxl+7/bycjrGFT28qEOPXIpkw0DwNPrwaJYhHAahFRa4m9ZxZd3Fcv8NxkqQIVPxfWv9EAAzYsM0w5D1r7KseE3OnD7p0bfRGTQHxmmMSCeAWQv60wVRsWMQAwP/tDYxerLgxTEL2H9q3sbbgBcgQChOUBZardCl3FS4yfW4MfID09sSQU3RpavLf7WFzbC1ZKxKcd0881p0v8XnFx6onMgJba5+SL3VuEP+qfN4InQ1AMIorrplFiU3A6gTdCXJiimcBw9nSYg1x29bTNDbULDhU7j9//qRAkrO7nwXea1bl/AMt7cKdonBKJi+r/C7hF root@deploy\n"
            },
            "name": "minecraft",
            "network_acceleration_type": "standard",
            "network_interface": [
              {
                "dns_record": [],
                "index": 0,
                "ip_address": "10.128.0.10",
                "ipv4": true,
                "ipv6": false,
                "ipv6_address": "",
                "ipv6_dns_record": [],
                "mac_address": "d0:0d:1b:74:93:df",
                "nat": true,
                "nat_dns_record": [],
                "nat_ip_address": "62.84.126.226",
                "nat_ip_version": "IPV4",
                "security_group_ids": [],
                "subnet_id": "e9bq93otsvu9tqle1mt1"
              }
            ],
            "placement_policy": [
              {
                "host_affinity_rules": [],
                "placement_group_id": ""
              }
            ],
            "platform_id": "standard-v1",
            "resources": [
              {
                "core_fraction": 100,
                "cores": 2,
                "gpus": 0,
                "memory": 4
              }
            ],
            "scheduling_policy": [
              {
                "preemptible": false
              }
            ],
            "secondary_disk": [],
            "service_account_id": "",
            "status": "running",
            "timeouts": null,
            "zone": "ru-central1-a"
          },
          "sensitive_attributes": [],
          "private": "eyJlMmJmYjczMC1lY2FhLTExZTYtOGY4OC0zNDM2M2JjN2M0YzAiOnsiY3JlYXRlIjozMDAwMDAwMDAwMDAsImRlbGV0ZSI6MzAwMDAwMDAwMDAwLCJ1cGRhdGUiOjMwMDAwMDAwMDAwMH0sInNjaGVtYV92ZXJzaW9uIjoiMSJ9"
        }
      ]
    },
    {
      "mode": "managed",
      "type": "yandex_vpc_network",
      "name": "default",
      "provider": "provider[\"registry.terraform.io/yandex-cloud/yandex\"]",
      "instances": [
        {
          "schema_version": 0,
          "attributes": {
            "created_at": "2022-09-04T09:53:21Z",
            "default_security_group_id": "",
            "description": "",
            "folder_id": "b1gf9lcio0r7vnajphej",
            "id": "enpkigjutlmqai1odlih",
            "labels": {},
            "name": "net",
            "subnet_ids": [],
            "timeouts": null
          },
          "sensitive_attributes": [],
          "private": "eyJlMmJmYjczMC1lY2FhLTExZTYtOGY4OC0zNDM2M2JjN2M0YzAiOnsiY3JlYXRlIjo2MDAwMDAwMDAwMCwiZGVsZXRlIjo2MDAwMDAwMDAwMCwidXBkYXRlIjo2MDAwMDAwMDAwMH19"
        }
      ]
    },
    {
      "mode": "managed",
      "type": "yandex_vpc_subnet",
      "name": "default",
      "provider": "provider[\"registry.terraform.io/yandex-cloud/yandex\"]",
      "instances": [
        {
          "schema_version": 0,
          "attributes": {
            "created_at": "2022-09-04T09:53:22Z",
            "description": "",
            "dhcp_options": [],
            "folder_id": "b1gf9lcio0r7vnajphej",
            "id": "e9blv2tohhcf13ooflmr",
            "labels": {},
            "name": "subnet",
            "network_id": "enpkigjutlmqai1odlih",
            "route_table_id": "",
            "timeouts": null,
            "v4_cidr_blocks": [
              "192.168.101.0/24"
            ],
            "v6_cidr_blocks": [],
            "zone": "ru-central1-a"
          },
          "sensitive_attributes": [],
          "private": "eyJlMmJmYjczMC1lY2FhLTExZTYtOGY4OC0zNDM2M2JjN2M0YzAiOnsiY3JlYXRlIjoxODAwMDAwMDAwMDAsImRlbGV0ZSI6MTgwMDAwMDAwMDAwLCJ1cGRhdGUiOjE4MDAwMDAwMDAwMH19",
          "dependencies": [
            "yandex_vpc_network.default"
          ]
        }
      ]
    }
  ]
}
